
Microsoft Visual Studio Solution File, Format Version 12.00
# Visual Studio 2013
VisualStudioVersion = 12.0.31101.0
MinimumVisualStudioVersion = 10.0.40219.1
Project("{FAE04EC0-301F-11D3-BF4B-00C04F79EFBC}") = "GRCE.Console", "GRCE.Console\GRCE.Console.csproj", "{54220C37-86A3-4D1A-A622-65BF8284DCDB}"
EndProject
Project("{FAE04EC0-301F-11D3-BF4B-00C04F79EFBC}") = "GRCE.Web", "GRCE.Web\GRCE.Web.csproj", "{1205FEDD-94FC-4B45-95F8-D789CAA7BDDD}"
EndProject
Project("{FAE04EC0-301F-11D3-BF4B-00C04F79EFBC}") = "GRCE.Domain", "GRCE.Domain\GRCE.Domain.csproj", "{567BB740-9350-42F1-B193-4F76B635E2E5}"
EndProject
Project("{FAE04EC0-301F-11D3-BF4B-00C04F79EFBC}") = "GRCE.Test", "GRCE.Test\GRCE.Test.csproj", "{9B1D4F21-82B5-4139-AB2E-DF4AAF610B60}"
EndProject
Global
	GlobalSection(SolutionConfigurationPlatforms) = preSolution
		Debug|Any CPU = Debug|Any CPU
		Release|Any CPU = Release|Any CPU
	EndGlobalSection
	GlobalSection(ProjectConfigurationPlatforms) = postSolution
		{54220C37-86A3-4D1A-A622-65BF8284DCDB}.Debug|Any CPU.ActiveCfg = Debug|Any CPU
		{54220C37-86A3-4D1A-A622-65BF8284DCDB}.Debug|Any CPU.Build.0 = Debug|Any CPU
		{54220C37-86A3-4D1A-A622-65BF8284DCDB}.Release|Any CPU.ActiveCfg = Release|Any CPU
		{54220C37-86A3-4D1A-A622-65BF8284DCDB}.Release|Any CPU.Build.0 = Release|Any CPU
		{1205FEDD-94FC-4B45-95F8-D789CAA7BDDD}.Debug|Any CPU.ActiveCfg = Debug|Any CPU
		{1205FEDD-94FC-4B45-95F8-D789CAA7BDDD}.Debug|Any CPU.Build.0 = Debug|Any CPU
		{1205FEDD-94FC-4B45-95F8-D789CAA7BDDD}.Release|Any CPU.ActiveCfg = Release|Any CPU
		{1205FEDD-94FC-4B45-95F8-D789CAA7BDDD}.Release|Any CPU.Build.0 = Release|Any CPU
		{567BB740-9350-42F1-B193-4F76B635E2E5}.Debug|Any CPU.ActiveCfg = Debug|Any CPU
		{567BB740-9350-42F1-B193-4F76B635E2E5}.Debug|Any CPU.Build.0 = Debug|Any CPU
		{567BB740-9350-42F1-B193-4F76B635E2E5}.Release|Any CPU.ActiveCfg = Release|Any CPU
		{567BB740-9350-42F1-B193-4F76B635E2E5}.Release|Any CPU.Build.0 = Release|Any CPU
		{9B1D4F21-82B5-4139-AB2E-DF4AAF610B60}.Debug|Any CPU.ActiveCfg = Debug|Any CPU
		{9B1D4F21-82B5-4139-AB2E-DF4AAF610B60}.Debug|Any CPU.Build.0 = Debug|Any CPU
		{9B1D4F21-82B5-4139-AB2E-DF4AAF610B60}.Release|Any CPU.ActiveCfg = Release|Any CPU
		{9B1D4F21-82B5-4139-AB2E-DF4AAF610B60}.Release|Any CPU.Build.0 = Release|Any CPU
	EndGlobalSection
	GlobalSection(SolutionProperties) = preSolution
		HideSolutionNode = FALSE
	EndGlobalSection
EndGlobal
